
Microsoft Visual Studio Solution File, Format Version 12.00
# Visual Studio 15
VisualStudioVersion = 15.0.27703.2047
MinimumVisualStudioVersion = 10.0.40219.1
Project("{FAE04EC0-301F-11D3-BF4B-00C04F79EFBC}") = "MasterMind", "MasterMind\MasterMind.csproj", "{D1BAD36F-AAD4-4723-A6DC-BFF5FBB866E4}"
EndProject
Project("{FAE04EC0-301F-11D3-BF4B-00C04F79EFBC}") = "MasterMind.Tests", "MasterMind.Tests\MasterMind.Tests.csproj", "{14BCF149-89A3-4BF6-9568-B20DF7ACAC29}"
EndProject
Global
	GlobalSection(SolutionConfigurationPlatforms) = preSolution
		Debug|Any CPU = Debug|Any CPU
		Release|Any CPU = Release|Any CPU
	EndGlobalSection
	GlobalSection(ProjectConfigurationPlatforms) = postSolution
		{D1BAD36F-AAD4-4723-A6DC-BFF5FBB866E4}.Debug|Any CPU.ActiveCfg = Debug|Any CPU
		{D1BAD36F-AAD4-4723-A6DC-BFF5FBB866E4}.Debug|Any CPU.Build.0 = Debug|Any CPU
		{D1BAD36F-AAD4-4723-A6DC-BFF5FBB866E4}.Release|Any CPU.ActiveCfg = Release|Any CPU
		{D1BAD36F-AAD4-4723-A6DC-BFF5FBB866E4}.Release|Any CPU.Build.0 = Release|Any CPU
		{14BCF149-89A3-4BF6-9568-B20DF7ACAC29}.Debug|Any CPU.ActiveCfg = Debug|Any CPU
		{14BCF149-89A3-4BF6-9568-B20DF7ACAC29}.Debug|Any CPU.Build.0 = Debug|Any CPU
		{14BCF149-89A3-4BF6-9568-B20DF7ACAC29}.Release|Any CPU.ActiveCfg = Release|Any CPU
		{14BCF149-89A3-4BF6-9568-B20DF7ACAC29}.Release|Any CPU.Build.0 = Release|Any CPU
	EndGlobalSection
	GlobalSection(SolutionProperties) = preSolution
		HideSolutionNode = FALSE
	EndGlobalSection
	GlobalSection(ExtensibilityGlobals) = postSolution
		SolutionGuid = {353F0399-1CD8-4504-B204-431BB5E2B37A}
	EndGlobalSection
EndGlobal
